# This file is automatically @generated by Cargo.
# It is not intended for manual editing.
version = 3

[[package]]
name = "linecount"
version = "0.1.0"
source = "registry+https://github.com/rust-lang/crates.io-index"
checksum = "d5d5a4a243b9cf052d37af99679cc93b08a791f444a4a1b21bb4efcaf01847d8"

[[package]]
name = "totall"
version = "0.1.0"
dependencies = [
 "linecount",
]
